
Microsoft Visual Studio Solution File, Format Version 12.00
# Visual Studio Version 17
VisualStudioVersion = 17.2.32616.157
MinimumVisualStudioVersion = 10.0.40219.1
Project("{9A19103F-16F7-4668-BE54-9A1E7A4F7556}") = "Model", "Model\Model.csproj", "{5C708FAC-6195-42D1-9FBC-05168675F284}"
EndProject
Project("{9A19103F-16F7-4668-BE54-9A1E7A4F7556}") = "Stub", "Stub\Stub.csproj", "{D05CA7B9-C832-4A7E-8BEE-E0506D1B430B}"
EndProject
Project("{9A19103F-16F7-4668-BE54-9A1E7A4F7556}") = "TestsUnitaires", "TestsUnitaires\TestsUnitaires.csproj", "{21001848-CB24-4408-ACAC-56D84074AFBB}"
	ProjectSection(ProjectDependencies) = postProject
		{FF6A43CF-6942-491A-B439-CBDDD09D4949} = {FF6A43CF-6942-491A-B439-CBDDD09D4949}
	EndProjectSection
EndProject
Project("{9A19103F-16F7-4668-BE54-9A1E7A4F7556}") = "EntityFramework", "EntityFramework\EntityFramework.csproj", "{FF6A43CF-6942-491A-B439-CBDDD09D4949}"
EndProject
Project("{9A19103F-16F7-4668-BE54-9A1E7A4F7556}") = "AppliConsole", "AppliConsole\AppliConsole.csproj", "{C38A60EA-3752-485F-92C5-FD9F3F916A5D}"
	ProjectSection(ProjectDependencies) = postProject
		{5C708FAC-6195-42D1-9FBC-05168675F284} = {5C708FAC-6195-42D1-9FBC-05168675F284}
		{D05CA7B9-C832-4A7E-8BEE-E0506D1B430B} = {D05CA7B9-C832-4A7E-8BEE-E0506D1B430B}
		{FF6A43CF-6942-491A-B439-CBDDD09D4949} = {FF6A43CF-6942-491A-B439-CBDDD09D4949}
	EndProjectSection
EndProject
Project("{9A19103F-16F7-4668-BE54-9A1E7A4F7556}") = "Repository", "Repository\Repository.csproj", "{68137CC4-3C97-4BF1-BC2A-5CC4E87CCDBB}"
EndProject
Project("{9A19103F-16F7-4668-BE54-9A1E7A4F7556}") = "Service", "Service\Service.csproj", "{3A88C88C-FB9E-4BF7-88BD-66D3B7CA4E66}"
EndProject
Project("{9A19103F-16F7-4668-BE54-9A1E7A4F7556}") = "APIRest", "APIRest\APIRest.csproj", "{8A1F3078-FAB6-4D63-B6B7-C63DA5C2F9B3}"
	ProjectSection(ProjectDependencies) = postProject
		{FF6A43CF-6942-491A-B439-CBDDD09D4949} = {FF6A43CF-6942-491A-B439-CBDDD09D4949}
	EndProjectSection
EndProject
Project("{9A19103F-16F7-4668-BE54-9A1E7A4F7556}") = "DTOs", "DTOs\DTOs.csproj", "{A0B5130E-05C7-4745-83EE-15F3938FD466}"
	ProjectSection(ProjectDependencies) = postProject
		{5C708FAC-6195-42D1-9FBC-05168675F284} = {5C708FAC-6195-42D1-9FBC-05168675F284}
	EndProjectSection
EndProject
Project("{FAE04EC0-301F-11D3-BF4B-00C04F79EFBC}") = "APIGraphQL", "APIGraphQL\APIGraphQL.csproj", "{BE4C3E93-03DF-4382-AD34-8DD7036950E3}"
EndProject
Global
	GlobalSection(SolutionConfigurationPlatforms) = preSolution
		Debug|Any CPU = Debug|Any CPU
		Release|Any CPU = Release|Any CPU
	EndGlobalSection
	GlobalSection(ProjectConfigurationPlatforms) = postSolution
		{5C708FAC-6195-42D1-9FBC-05168675F284}.Debug|Any CPU.ActiveCfg = Debug|Any CPU
		{5C708FAC-6195-42D1-9FBC-05168675F284}.Debug|Any CPU.Build.0 = Debug|Any CPU
		{5C708FAC-6195-42D1-9FBC-05168675F284}.Release|Any CPU.ActiveCfg = Release|Any CPU
		{5C708FAC-6195-42D1-9FBC-05168675F284}.Release|Any CPU.Build.0 = Release|Any CPU
		{D05CA7B9-C832-4A7E-8BEE-E0506D1B430B}.Debug|Any CPU.ActiveCfg = Debug|Any CPU
		{D05CA7B9-C832-4A7E-8BEE-E0506D1B430B}.Debug|Any CPU.Build.0 = Debug|Any CPU
		{D05CA7B9-C832-4A7E-8BEE-E0506D1B430B}.Release|Any CPU.ActiveCfg = Release|Any CPU
		{D05CA7B9-C832-4A7E-8BEE-E0506D1B430B}.Release|Any CPU.Build.0 = Release|Any CPU
		{21001848-CB24-4408-ACAC-56D84074AFBB}.Debug|Any CPU.ActiveCfg = Debug|Any CPU
		{21001848-CB24-4408-ACAC-56D84074AFBB}.Debug|Any CPU.Build.0 = Debug|Any CPU
		{21001848-CB24-4408-ACAC-56D84074AFBB}.Release|Any CPU.ActiveCfg = Release|Any CPU
		{21001848-CB24-4408-ACAC-56D84074AFBB}.Release|Any CPU.Build.0 = Release|Any CPU
		{FF6A43CF-6942-491A-B439-CBDDD09D4949}.Debug|Any CPU.ActiveCfg = Debug|Any CPU
		{FF6A43CF-6942-491A-B439-CBDDD09D4949}.Debug|Any CPU.Build.0 = Debug|Any CPU
		{FF6A43CF-6942-491A-B439-CBDDD09D4949}.Release|Any CPU.ActiveCfg = Release|Any CPU
		{FF6A43CF-6942-491A-B439-CBDDD09D4949}.Release|Any CPU.Build.0 = Release|Any CPU
		{C38A60EA-3752-485F-92C5-FD9F3F916A5D}.Debug|Any CPU.ActiveCfg = Debug|Any CPU
		{C38A60EA-3752-485F-92C5-FD9F3F916A5D}.Debug|Any CPU.Build.0 = Debug|Any CPU
		{C38A60EA-3752-485F-92C5-FD9F3F916A5D}.Release|Any CPU.ActiveCfg = Release|Any CPU
		{C38A60EA-3752-485F-92C5-FD9F3F916A5D}.Release|Any CPU.Build.0 = Release|Any CPU
		{68137CC4-3C97-4BF1-BC2A-5CC4E87CCDBB}.Debug|Any CPU.ActiveCfg = Debug|Any CPU
		{68137CC4-3C97-4BF1-BC2A-5CC4E87CCDBB}.Debug|Any CPU.Build.0 = Debug|Any CPU
		{68137CC4-3C97-4BF1-BC2A-5CC4E87CCDBB}.Release|Any CPU.ActiveCfg = Release|Any CPU
		{68137CC4-3C97-4BF1-BC2A-5CC4E87CCDBB}.Release|Any CPU.Build.0 = Release|Any CPU
		{3A88C88C-FB9E-4BF7-88BD-66D3B7CA4E66}.Debug|Any CPU.ActiveCfg = Debug|Any CPU
		{3A88C88C-FB9E-4BF7-88BD-66D3B7CA4E66}.Debug|Any CPU.Build.0 = Debug|Any CPU
		{3A88C88C-FB9E-4BF7-88BD-66D3B7CA4E66}.Release|Any CPU.ActiveCfg = Release|Any CPU
		{3A88C88C-FB9E-4BF7-88BD-66D3B7CA4E66}.Release|Any CPU.Build.0 = Release|Any CPU
		{8A1F3078-FAB6-4D63-B6B7-C63DA5C2F9B3}.Debug|Any CPU.ActiveCfg = Debug|Any CPU
		{8A1F3078-FAB6-4D63-B6B7-C63DA5C2F9B3}.Debug|Any CPU.Build.0 = Debug|Any CPU
		{8A1F3078-FAB6-4D63-B6B7-C63DA5C2F9B3}.Release|Any CPU.ActiveCfg = Release|Any CPU
		{8A1F3078-FAB6-4D63-B6B7-C63DA5C2F9B3}.Release|Any CPU.Build.0 = Release|Any CPU
		{A0B5130E-05C7-4745-83EE-15F3938FD466}.Debug|Any CPU.ActiveCfg = Debug|Any CPU
		{A0B5130E-05C7-4745-83EE-15F3938FD466}.Debug|Any CPU.Build.0 = Debug|Any CPU
		{A0B5130E-05C7-4745-83EE-15F3938FD466}.Release|Any CPU.ActiveCfg = Release|Any CPU
		{A0B5130E-05C7-4745-83EE-15F3938FD466}.Release|Any CPU.Build.0 = Release|Any CPU
		{BE4C3E93-03DF-4382-AD34-8DD7036950E3}.Debug|Any CPU.ActiveCfg = Debug|Any CPU
		{BE4C3E93-03DF-4382-AD34-8DD7036950E3}.Debug|Any CPU.Build.0 = Debug|Any CPU
		{BE4C3E93-03DF-4382-AD34-8DD7036950E3}.Release|Any CPU.ActiveCfg = Release|Any CPU
		{BE4C3E93-03DF-4382-AD34-8DD7036950E3}.Release|Any CPU.Build.0 = Release|Any CPU
	EndGlobalSection
	GlobalSection(SolutionProperties) = preSolution
		HideSolutionNode = FALSE
	EndGlobalSection
	GlobalSection(ExtensibilityGlobals) = postSolution
		SolutionGuid = {3D93D27F-116A-4669-917F-CD45C5F3670C}
	EndGlobalSection
EndGlobal
